
Microsoft Visual Studio Solution File, Format Version 12.00
# Visual Studio Version 17
VisualStudioVersion = 17.0.32112.339
MinimumVisualStudioVersion = 10.0.40219.1
Project("{FAE04EC0-301F-11D3-BF4B-00C04F79EFBC}") = "DiamanteExercecio", "DiamanteExercecio\DiamanteExercecio.csproj", "{076747E8-6AC3-44D2-BD14-F78C544D7D16}"
EndProject
Global
	GlobalSection(SolutionConfigurationPlatforms) = preSolution
		Debug|Any CPU = Debug|Any CPU
		Release|Any CPU = Release|Any CPU
	EndGlobalSection
	GlobalSection(ProjectConfigurationPlatforms) = postSolution
		{076747E8-6AC3-44D2-BD14-F78C544D7D16}.Debug|Any CPU.ActiveCfg = Debug|Any CPU
		{076747E8-6AC3-44D2-BD14-F78C544D7D16}.Debug|Any CPU.Build.0 = Debug|Any CPU
		{076747E8-6AC3-44D2-BD14-F78C544D7D16}.Release|Any CPU.ActiveCfg = Release|Any CPU
		{076747E8-6AC3-44D2-BD14-F78C544D7D16}.Release|Any CPU.Build.0 = Release|Any CPU
	EndGlobalSection
	GlobalSection(SolutionProperties) = preSolution
		HideSolutionNode = FALSE
	EndGlobalSection
	GlobalSection(ExtensibilityGlobals) = postSolution
		SolutionGuid = {EE8E0B31-6782-40D6-94D9-F57692D9FBD8}
	EndGlobalSection
EndGlobal
